
Microsoft Visual Studio Solution File, Format Version 12.00
# Visual Studio Express 15 for Windows Desktop
VisualStudioVersion = 15.0.28307.1082
MinimumVisualStudioVersion = 10.0.40219.1
Project("{FAE04EC0-301F-11D3-BF4B-00C04F79EFBC}") = "Entidades", "Entidades\Entidades.csproj", "{4832EDAC-7643-4C90-8CB3-2EA8248573CE}"
EndProject
Project("{FAE04EC0-301F-11D3-BF4B-00C04F79EFBC}") = "FabricaForm", "VentasForm\FabricaForm.csproj", "{D7BAC877-368D-4001-94EF-D0948BFE6D60}"
EndProject
Project("{FAE04EC0-301F-11D3-BF4B-00C04F79EFBC}") = "TestUnitarios", "TestUnitarios\TestUnitarios.csproj", "{1B329BD5-26B4-4390-987E-6307F9573F3C}"
EndProject
Project("{FAE04EC0-301F-11D3-BF4B-00C04F79EFBC}") = "PruebaConsola", "PruebaConsola\PruebaConsola.csproj", "{ADB9D58B-E040-40AB-AD5C-F0C3498B351C}"
EndProject
Project("{FAE04EC0-301F-11D3-BF4B-00C04F79EFBC}") = "Excepciones", "Excepciones\Excepciones.csproj", "{CAF413CE-18BA-4B04-9025-3C1407F9FF47}"
EndProject
Project("{FAE04EC0-301F-11D3-BF4B-00C04F79EFBC}") = "Archivos", "Archivos\Archivos.csproj", "{F93751C3-5FEB-44C5-9960-5FC67723D4F5}"
EndProject
Global
	GlobalSection(SolutionConfigurationPlatforms) = preSolution
		Debug|Any CPU = Debug|Any CPU
		Release|Any CPU = Release|Any CPU
	EndGlobalSection
	GlobalSection(ProjectConfigurationPlatforms) = postSolution
		{4832EDAC-7643-4C90-8CB3-2EA8248573CE}.Debug|Any CPU.ActiveCfg = Debug|Any CPU
		{4832EDAC-7643-4C90-8CB3-2EA8248573CE}.Debug|Any CPU.Build.0 = Debug|Any CPU
		{4832EDAC-7643-4C90-8CB3-2EA8248573CE}.Release|Any CPU.ActiveCfg = Release|Any CPU
		{4832EDAC-7643-4C90-8CB3-2EA8248573CE}.Release|Any CPU.Build.0 = Release|Any CPU
		{D7BAC877-368D-4001-94EF-D0948BFE6D60}.Debug|Any CPU.ActiveCfg = Debug|Any CPU
		{D7BAC877-368D-4001-94EF-D0948BFE6D60}.Debug|Any CPU.Build.0 = Debug|Any CPU
		{D7BAC877-368D-4001-94EF-D0948BFE6D60}.Release|Any CPU.ActiveCfg = Release|Any CPU
		{D7BAC877-368D-4001-94EF-D0948BFE6D60}.Release|Any CPU.Build.0 = Release|Any CPU
		{1B329BD5-26B4-4390-987E-6307F9573F3C}.Debug|Any CPU.ActiveCfg = Debug|Any CPU
		{1B329BD5-26B4-4390-987E-6307F9573F3C}.Debug|Any CPU.Build.0 = Debug|Any CPU
		{1B329BD5-26B4-4390-987E-6307F9573F3C}.Release|Any CPU.ActiveCfg = Release|Any CPU
		{1B329BD5-26B4-4390-987E-6307F9573F3C}.Release|Any CPU.Build.0 = Release|Any CPU
		{ADB9D58B-E040-40AB-AD5C-F0C3498B351C}.Debug|Any CPU.ActiveCfg = Debug|Any CPU
		{ADB9D58B-E040-40AB-AD5C-F0C3498B351C}.Debug|Any CPU.Build.0 = Debug|Any CPU
		{ADB9D58B-E040-40AB-AD5C-F0C3498B351C}.Release|Any CPU.ActiveCfg = Release|Any CPU
		{ADB9D58B-E040-40AB-AD5C-F0C3498B351C}.Release|Any CPU.Build.0 = Release|Any CPU
		{CAF413CE-18BA-4B04-9025-3C1407F9FF47}.Debug|Any CPU.ActiveCfg = Debug|Any CPU
		{CAF413CE-18BA-4B04-9025-3C1407F9FF47}.Debug|Any CPU.Build.0 = Debug|Any CPU
		{CAF413CE-18BA-4B04-9025-3C1407F9FF47}.Release|Any CPU.ActiveCfg = Release|Any CPU
		{CAF413CE-18BA-4B04-9025-3C1407F9FF47}.Release|Any CPU.Build.0 = Release|Any CPU
		{F93751C3-5FEB-44C5-9960-5FC67723D4F5}.Debug|Any CPU.ActiveCfg = Debug|Any CPU
		{F93751C3-5FEB-44C5-9960-5FC67723D4F5}.Debug|Any CPU.Build.0 = Debug|Any CPU
		{F93751C3-5FEB-44C5-9960-5FC67723D4F5}.Release|Any CPU.ActiveCfg = Release|Any CPU
		{F93751C3-5FEB-44C5-9960-5FC67723D4F5}.Release|Any CPU.Build.0 = Release|Any CPU
	EndGlobalSection
	GlobalSection(SolutionProperties) = preSolution
		HideSolutionNode = FALSE
	EndGlobalSection
	GlobalSection(ExtensibilityGlobals) = postSolution
		SolutionGuid = {35DB17C5-A715-4292-9371-FDD7F968E298}
	EndGlobalSection
EndGlobal
